
Microsoft Visual Studio Solution File, Format Version 12.00
# Visual Studio 15
VisualStudioVersion = 15.0.28010.2036
MinimumVisualStudioVersion = 10.0.40219.1
Project("{FAE04EC0-301F-11D3-BF4B-00C04F79EFBC}") = "SportStoreEF", "SportStoreEF\SportStoreEF.csproj", "{89BBE491-0B96-471C-A2D2-DFAF6196F1BA}"
EndProject
Project("{FAE04EC0-301F-11D3-BF4B-00C04F79EFBC}") = "SportStoreEF.Tests", "SportStoreEF.Tests\SportStoreEF.Tests.csproj", "{7D971222-BD39-4D70-BD02-1A6099169DE7}"
EndProject
Global
	GlobalSection(SolutionConfigurationPlatforms) = preSolution
		Debug|Any CPU = Debug|Any CPU
		Release|Any CPU = Release|Any CPU
	EndGlobalSection
	GlobalSection(ProjectConfigurationPlatforms) = postSolution
		{89BBE491-0B96-471C-A2D2-DFAF6196F1BA}.Debug|Any CPU.ActiveCfg = Debug|Any CPU
		{89BBE491-0B96-471C-A2D2-DFAF6196F1BA}.Debug|Any CPU.Build.0 = Debug|Any CPU
		{89BBE491-0B96-471C-A2D2-DFAF6196F1BA}.Release|Any CPU.ActiveCfg = Release|Any CPU
		{89BBE491-0B96-471C-A2D2-DFAF6196F1BA}.Release|Any CPU.Build.0 = Release|Any CPU
		{7D971222-BD39-4D70-BD02-1A6099169DE7}.Debug|Any CPU.ActiveCfg = Debug|Any CPU
		{7D971222-BD39-4D70-BD02-1A6099169DE7}.Debug|Any CPU.Build.0 = Debug|Any CPU
		{7D971222-BD39-4D70-BD02-1A6099169DE7}.Release|Any CPU.ActiveCfg = Release|Any CPU
		{7D971222-BD39-4D70-BD02-1A6099169DE7}.Release|Any CPU.Build.0 = Release|Any CPU
	EndGlobalSection
	GlobalSection(SolutionProperties) = preSolution
		HideSolutionNode = FALSE
	EndGlobalSection
	GlobalSection(ExtensibilityGlobals) = postSolution
		SolutionGuid = {FE8E10FE-6749-4610-902F-2E5135147194}
	EndGlobalSection
EndGlobal
